
Microsoft Visual Studio Solution File, Format Version 10.00
# Visual Studio 2008
Project("{FAE04EC0-301F-11D3-BF4B-00C04F79EFBC}") = "DLA_AldersgateReception", "DLA_AldersgateReception.csproj", "{11BB5CB0-585B-4B5B-B75A-1695A99BA81C}"
EndProject
Global
	GlobalSection(SolutionConfigurationPlatforms) = preSolution
		Debug|Any CPU = Debug|Any CPU
		Release|Any CPU = Release|Any CPU
	EndGlobalSection
	GlobalSection(ProjectConfigurationPlatforms) = postSolution
		{11BB5CB0-585B-4B5B-B75A-1695A99BA81C}.Debug|Any CPU.ActiveCfg = Debug|Any CPU
		{11BB5CB0-585B-4B5B-B75A-1695A99BA81C}.Debug|Any CPU.Build.0 = Debug|Any CPU
		{11BB5CB0-585B-4B5B-B75A-1695A99BA81C}.Release|Any CPU.ActiveCfg = Release|Any CPU
		{11BB5CB0-585B-4B5B-B75A-1695A99BA81C}.Release|Any CPU.Build.0 = Release|Any CPU
	EndGlobalSection
	GlobalSection(SolutionProperties) = preSolution
		HideSolutionNode = FALSE
	EndGlobalSection
EndGlobal
